// !$*UTF8*$!
{
	archiveVersion = 1;
	classes = {
	};
	objectVersion = 56;
	objects = {

/* Begin PBXBuildFile section */
		4D834CAC2A07F32400556AA5 /* Model_iaAPI.swift in Sources */ = {isa = PBXBuildFile; fileRef = 4D834CAB2A07F32400556AA5 /* Model_iaAPI.swift */; };
		4D895E912A071364006CEBEF /* AppDelegate.swift in Sources */ = {isa = PBXBuildFile; fileRef = 4D895E902A071364006CEBEF /* AppDelegate.swift */; };
		4D895E932A071364006CEBEF /* SceneDelegate.swift in Sources */ = {isa = PBXBuildFile; fileRef = 4D895E922A071364006CEBEF /* SceneDelegate.swift */; };
		4D895E982A071364006CEBEF /* Main.storyboard in Resources */ = {isa = PBXBuildFile; fileRef = 4D895E962A071364006CEBEF /* Main.storyboard */; };
		4D895E9A2A071365006CEBEF /* Assets.xcassets in Resources */ = {isa = PBXBuildFile; fileRef = 4D895E992A071365006CEBEF /* Assets.xcassets */; };
		4D895E9D2A071365006CEBEF /* LaunchScreen.storyboard in Resources */ = {isa = PBXBuildFile; fileRef = 4D895E9B2A071365006CEBEF /* LaunchScreen.storyboard */; };
		4D895EAA2A072119006CEBEF /* MainTableViewCell.swift in Sources */ = {isa = PBXBuildFile; fileRef = 4D895EA82A072119006CEBEF /* MainTableViewCell.swift */; };
		4D895EAB2A072119006CEBEF /* MainTableViewCell.xib in Resources */ = {isa = PBXBuildFile; fileRef = 4D895EA92A072119006CEBEF /* MainTableViewCell.xib */; };
		4D895EAD2A0728A5006CEBEF /* MainViewController.swift in Sources */ = {isa = PBXBuildFile; fileRef = 4D895EAC2A0728A5006CEBEF /* MainViewController.swift */; };
		4D895EB52A07B996006CEBEF /* iaAPI in Frameworks */ = {isa = PBXBuildFile; productRef = 4D895EB42A07B996006CEBEF /* iaAPI */; };
		5602F291CE16B3BF66354B56 /* Pods_MyMovies.framework in Frameworks */ = {isa = PBXBuildFile; fileRef = 065D9D1920C201085931E751 /* Pods_MyMovies.framework */; };
/* End PBXBuildFile section */

/* Begin PBXFileReference section */
		065D9D1920C201085931E751 /* Pods_MyMovies.framework */ = {isa = PBXFileReference; explicitFileType = wrapper.framework; includeInIndex = 0; path = Pods_MyMovies.framework; sourceTree = BUILT_PRODUCTS_DIR; };
		20B183693A78DF3DC4A03611 /* Pods-MyMovies.release.xcconfig */ = {isa = PBXFileReference; includeInIndex = 1; lastKnownFileType = text.xcconfig; name = "Pods-MyMovies.release.xcconfig"; path = "Target Support Files/Pods-MyMovies/Pods-MyMovies.release.xcconfig"; sourceTree = "<group>"; };
		382CBCA64DF62BA9A21B89CC /* Pods-MyMovies.debug.xcconfig */ = {isa = PBXFileReference; includeInIndex = 1; lastKnownFileType = text.xcconfig; name = "Pods-MyMovies.debug.xcconfig"; path = "Target Support Files/Pods-MyMovies/Pods-MyMovies.debug.xcconfig"; sourceTree = "<group>"; };
		4D834CAB2A07F32400556AA5 /* Model_iaAPI.swift */ = {isa = PBXFileReference; lastKnownFileType = sourcecode.swift; path = Model_iaAPI.swift; sourceTree = "<group>"; };
		4D895E8D2A071364006CEBEF /* MyMovies.app */ = {isa = PBXFileReference; explicitFileType = wrapper.application; includeInIndex = 0; path = MyMovies.app; sourceTree = BUILT_PRODUCTS_DIR; };
		4D895E902A071364006CEBEF /* AppDelegate.swift */ = {isa = PBXFileReference; lastKnownFileType = sourcecode.swift; path = AppDelegate.swift; sourceTree = "<group>"; };
		4D895E922A071364006CEBEF /* SceneDelegate.swift */ = {isa = PBXFileReference; lastKnownFileType = sourcecode.swift; path = SceneDelegate.swift; sourceTree = "<group>"; };
		4D895E972A071364006CEBEF /* Base */ = {isa = PBXFileReference; lastKnownFileType = file.storyboard; name = Base; path = Base.lproj/Main.storyboard; sourceTree = "<group>"; };
		4D895E992A071365006CEBEF /* Assets.xcassets */ = {isa = PBXFileReference; lastKnownFileType = folder.assetcatalog; path = Assets.xcassets; sourceTree = "<group>"; };
		4D895E9C2A071365006CEBEF /* Base */ = {isa = PBXFileReference; lastKnownFileType = file.storyboard; name = Base; path = Base.lproj/LaunchScreen.storyboard; sourceTree = "<group>"; };
		4D895E9E2A071365006CEBEF /* Info.plist */ = {isa = PBXFileReference; lastKnownFileType = text.plist.xml; path = Info.plist; sourceTree = "<group>"; };
		4D895EA82A072119006CEBEF /* MainTableViewCell.swift */ = {isa = PBXFileReference; lastKnownFileType = sourcecode.swift; path = MainTableViewCell.swift; sourceTree = "<group>"; };
		4D895EA92A072119006CEBEF /* MainTableViewCell.xib */ = {isa = PBXFileReference; lastKnownFileType = file.xib; path = MainTableViewCell.xib; sourceTree = "<group>"; };
		4D895EAC2A0728A5006CEBEF /* MainViewController.swift */ = {isa = PBXFileReference; lastKnownFileType = sourcecode.swift; path = MainViewController.swift; sourceTree = "<group>"; };
/* End PBXFileReference section */

/* Begin PBXFrameworksBuildPhase section */
		4D895E8A2A071364006CEBEF /* Frameworks */ = {
			isa = PBXFrameworksBuildPhase;
			buildActionMask = 2147483647;
			files = (
				4D895EB52A07B996006CEBEF /* iaAPI in Frameworks */,
				5602F291CE16B3BF66354B56 /* Pods_MyMovies.framework in Frameworks */,
			);
			runOnlyForDeploymentPostprocessing = 0;
		};
/* End PBXFrameworksBuildPhase section */

/* Begin PBXGroup section */
		01937DBE14CA6226B985572E /* Pods */ = {
			isa = PBXGroup;
			children = (
				382CBCA64DF62BA9A21B89CC /* Pods-MyMovies.debug.xcconfig */,
				20B183693A78DF3DC4A03611 /* Pods-MyMovies.release.xcconfig */,
			);
			name = Pods;
			path = Pods;
			sourceTree = "<group>";
		};
		4D895E842A071364006CEBEF = {
			isa = PBXGroup;
			children = (
				4D895E8F2A071364006CEBEF /* MyMovies */,
				4D895E8E2A071364006CEBEF /* Products */,
				01937DBE14CA6226B985572E /* Pods */,
				961C7AFB104F9420CD10D877 /* Frameworks */,
			);
			sourceTree = "<group>";
		};
		4D895E8E2A071364006CEBEF /* Products */ = {
			isa = PBXGroup;
			children = (
				4D895E8D2A071364006CEBEF /* MyMovies.app */,
			);
			name = Products;
			sourceTree = "<group>";
		};
		4D895E8F2A071364006CEBEF /* MyMovies */ = {
			isa = PBXGroup;
			children = (
				4D895EB22A072E4C006CEBEF /* Delegates */,
				4D895EB12A072E20006CEBEF /* Assets */,
				4D895EB02A072E15006CEBEF /* Presenter */,
				4D895EAF2A072E11006CEBEF /* View */,
				4D895EAE2A072E0B006CEBEF /* Model */,
				4D895E9B2A071365006CEBEF /* LaunchScreen.storyboard */,
				4D895E9E2A071365006CEBEF /* Info.plist */,
			);
			path = MyMovies;
			sourceTree = "<group>";
		};
		4D895EAE2A072E0B006CEBEF /* Model */ = {
			isa = PBXGroup;
			children = (
				4D834CAB2A07F32400556AA5 /* Model_iaAPI.swift */,
			);
			path = Model;
			sourceTree = "<group>";
		};
		4D895EAF2A072E11006CEBEF /* View */ = {
			isa = PBXGroup;
			children = (
				4D895E962A071364006CEBEF /* Main.storyboard */,
				4D895EA82A072119006CEBEF /* MainTableViewCell.swift */,
				4D895EA92A072119006CEBEF /* MainTableViewCell.xib */,
			);
			path = View;
			sourceTree = "<group>";
		};
		4D895EB02A072E15006CEBEF /* Presenter */ = {
			isa = PBXGroup;
			children = (
				4D895EAC2A0728A5006CEBEF /* MainViewController.swift */,
			);
			path = Presenter;
			sourceTree = "<group>";
		};
		4D895EB12A072E20006CEBEF /* Assets */ = {
			isa = PBXGroup;
			children = (
				4D895E992A071365006CEBEF /* Assets.xcassets */,
			);
			path = Assets;
			sourceTree = "<group>";
		};
		4D895EB22A072E4C006CEBEF /* Delegates */ = {
			isa = PBXGroup;
			children = (
				4D895E902A071364006CEBEF /* AppDelegate.swift */,
				4D895E922A071364006CEBEF /* SceneDelegate.swift */,
			);
			path = Delegates;
			sourceTree = "<group>";
		};
		961C7AFB104F9420CD10D877 /* Frameworks */ = {
			isa = PBXGroup;
			children = (
				065D9D1920C201085931E751 /* Pods_MyMovies.framework */,
			);
			name = Frameworks;
			sourceTree = "<group>";
		};
/* End PBXGroup section */

/* Begin PBXNativeTarget section */
		4D895E8C2A071364006CEBEF /* MyMovies */ = {
			isa = PBXNativeTarget;
			buildConfigurationList = 4D895EA12A071365006CEBEF /* Build configuration list for PBXNativeTarget "MyMovies" */;
			buildPhases = (
				8705D777ED453005F245E1AC /* [CP] Check Pods Manifest.lock */,
				4D895E892A071364006CEBEF /* Sources */,
				4D895E8A2A071364006CEBEF /* Frameworks */,
				4D895E8B2A071364006CEBEF /* Resources */,
				78953426A1889765FD2AA3D3 /* [CP] Embed Pods Frameworks */,
			);
			buildRules = (
			);
			dependencies = (
			);
			name = MyMovies;
			packageProductDependencies = (
				4D895EB42A07B996006CEBEF /* iaAPI */,
			);
			productName = MyMovies;
			productReference = 4D895E8D2A071364006CEBEF /* MyMovies.app */;
			productType = "com.apple.product-type.application";
		};
/* End PBXNativeTarget section */

/* Begin PBXProject section */
		4D895E852A071364006CEBEF /* Project object */ = {
			isa = PBXProject;
			attributes = {
				BuildIndependentTargetsInParallel = 1;
				LastSwiftUpdateCheck = 1430;
				LastUpgradeCheck = 1430;
				TargetAttributes = {
					4D895E8C2A071364006CEBEF = {
						CreatedOnToolsVersion = 14.3;
					};
				};
			};
			buildConfigurationList = 4D895E882A071364006CEBEF /* Build configuration list for PBXProject "MyMovies" */;
			compatibilityVersion = "Xcode 14.0";
			developmentRegion = en;
			hasScannedForEncodings = 0;
			knownRegions = (
				en,
				Base,
			);
			mainGroup = 4D895E842A071364006CEBEF;
			packageReferences = (
				4D895EB32A07B996006CEBEF /* XCRemoteSwiftPackageReference "iaAPI" */,
			);
			productRefGroup = 4D895E8E2A071364006CEBEF /* Products */;
			projectDirPath = "";
			projectRoot = "";
			targets = (
				4D895E8C2A071364006CEBEF /* MyMovies */,
			);
		};
/* End PBXProject section */

/* Begin PBXResourcesBuildPhase section */
		4D895E8B2A071364006CEBEF /* Resources */ = {
			isa = PBXResourcesBuildPhase;
			buildActionMask = 2147483647;
			files = (
				4D895E9D2A071365006CEBEF /* LaunchScreen.storyboard in Resources */,
				4D895E9A2A071365006CEBEF /* Assets.xcassets in Resources */,
				4D895EAB2A072119006CEBEF /* MainTableViewCell.xib in Resources */,
				4D895E982A071364006CEBEF /* Main.storyboard in Resources */,
			);
			runOnlyForDeploymentPostprocessing = 0;
		};
/* End PBXResourcesBuildPhase section */

/* Begin PBXShellScriptBuildPhase section */
		78953426A1889765FD2AA3D3 /* [CP] Embed Pods Frameworks */ = {
			isa = PBXShellScriptBuildPhase;
			buildActionMask = 2147483647;
			files = (
			);
			inputFileListPaths = (
				"${PODS_ROOT}/Target Support Files/Pods-MyMovies/Pods-MyMovies-frameworks-${CONFIGURATION}-input-files.xcfilelist",
			);
			name = "[CP] Embed Pods Frameworks";
			outputFileListPaths = (
				"${PODS_ROOT}/Target Support Files/Pods-MyMovies/Pods-MyMovies-frameworks-${CONFIGURATION}-output-files.xcfilelist",
			);
			runOnlyForDeploymentPostprocessing = 0;
			shellPath = /bin/sh;
			shellScript = "\"${PODS_ROOT}/Target Support Files/Pods-MyMovies/Pods-MyMovies-frameworks.sh\"\n";
			showEnvVarsInLog = 0;
		};
		8705D777ED453005F245E1AC /* [CP] Check Pods Manifest.lock */ = {
			isa = PBXShellScriptBuildPhase;
			buildActionMask = 2147483647;
			files = (
			);
			inputFileListPaths = (
			);
			inputPaths = (
				"${PODS_PODFILE_DIR_PATH}/Podfile.lock",
				"${PODS_ROOT}/Manifest.lock",
			);
			name = "[CP] Check Pods Manifest.lock";
			outputFileListPaths = (
			);
			outputPaths = (
				"$(DERIVED_FILE_DIR)/Pods-MyMovies-checkManifestLockResult.txt",
			);
			runOnlyForDeploymentPostprocessing = 0;
			shellPath = /bin/sh;
			shellScript = "diff \"${PODS_PODFILE_DIR_PATH}/Podfile.lock\" \"${PODS_ROOT}/Manifest.lock\" > /dev/null\nif [ $? != 0 ] ; then\n    # print error to STDERR\n    echo \"error: The sandbox is not in sync with the Podfile.lock. Run 'pod install' or update your CocoaPods installation.\" >&2\n    exit 1\nfi\n# This output is used by Xcode 'outputs' to avoid re-running this script phase.\necho \"SUCCESS\" > \"${SCRIPT_OUTPUT_FILE_0}\"\n";
			showEnvVarsInLog = 0;
		};
/* End PBXShellScriptBuildPhase section */

/* Begin PBXSourcesBuildPhase section */
		4D895E892A071364006CEBEF /* Sources */ = {
			isa = PBXSourcesBuildPhase;
			buildActionMask = 2147483647;
			files = (
				4D834CAC2A07F32400556AA5 /* Model_iaAPI.swift in Sources */,
				4D895E912A071364006CEBEF /* AppDelegate.swift in Sources */,
				4D895EAA2A072119006CEBEF /* MainTableViewCell.swift in Sources */,
				4D895E932A071364006CEBEF /* SceneDelegate.swift in Sources */,
				4D895EAD2A0728A5006CEBEF /* MainViewController.swift in Sources */,
			);
			runOnlyForDeploymentPostprocessing = 0;
		};
/* End PBXSourcesBuildPhase section */

/* Begin PBXVariantGroup section */
		4D895E962A071364006CEBEF /* Main.storyboard */ = {
			isa = PBXVariantGroup;
			children = (
				4D895E972A071364006CEBEF /* Base */,
			);
			name = Main.storyboard;
			sourceTree = "<group>";
		};
		4D895E9B2A071365006CEBEF /* LaunchScreen.storyboard */ = {
			isa = PBXVariantGroup;
			children = (
				4D895E9C2A071365006CEBEF /* Base */,
			);
			name = LaunchScreen.storyboard;
			sourceTree = "<group>";
		};
/* End PBXVariantGroup section */

/* Begin XCBuildConfiguration section */
		4D895E9F2A071365006CEBEF /* Debug */ = {
			isa = XCBuildConfiguration;
			buildSettings = {
				ALWAYS_SEARCH_USER_PATHS = NO;
				CLANG_ANALYZER_NONNULL = YES;
				CLANG_ANALYZER_NUMBER_OBJECT_CONVERSION = YES_AGGRESSIVE;
				CLANG_CXX_LANGUAGE_STANDARD = "gnu++20";
				CLANG_ENABLE_MODULES = YES;
				CLANG_ENABLE_OBJC_ARC = YES;
				CLANG_ENABLE_OBJC_WEAK = YES;
				CLANG_WARN_BLOCK_CAPTURE_AUTORELEASING = YES;
				CLANG_WARN_BOOL_CONVERSION = YES;
				CLANG_WARN_COMMA = YES;
				CLANG_WARN_CONSTANT_CONVERSION = YES;
				CLANG_WARN_DEPRECATED_OBJC_IMPLEMENTATIONS = YES;
				CLANG_WARN_DIRECT_OBJC_ISA_USAGE = YES_ERROR;
				CLANG_WARN_DOCUMENTATION_COMMENTS = YES;
				CLANG_WARN_EMPTY_BODY = YES;
				CLANG_WARN_ENUM_CONVERSION = YES;
				CLANG_WARN_INFINITE_RECURSION = YES;
				CLANG_WARN_INT_CONVERSION = YES;
				CLANG_WARN_NON_LITERAL_NULL_CONVERSION = YES;
				CLANG_WARN_OBJC_IMPLICIT_RETAIN_SELF = YES;
				CLANG_WARN_OBJC_LITERAL_CONVERSION = YES;
				CLANG_WARN_OBJC_ROOT_CLASS = YES_ERROR;
				CLANG_WARN_QUOTED_INCLUDE_IN_FRAMEWORK_HEADER = YES;
				CLANG_WARN_RANGE_LOOP_ANALYSIS = YES;
				CLANG_WARN_STRICT_PROTOTYPES = YES;
				CLANG_WARN_SUSPICIOUS_MOVE = YES;
				CLANG_WARN_UNGUARDED_AVAILABILITY = YES_AGGRESSIVE;
				CLANG_WARN_UNREACHABLE_CODE = YES;
				CLANG_WARN__DUPLICATE_METHOD_MATCH = YES;
				COPY_PHASE_STRIP = NO;
				DEBUG_INFORMATION_FORMAT = dwarf;
				ENABLE_STRICT_OBJC_MSGSEND = YES;
				ENABLE_TESTABILITY = YES;
				GCC_C_LANGUAGE_STANDARD = gnu11;
				GCC_DYNAMIC_NO_PIC = NO;
				GCC_NO_COMMON_BLOCKS = YES;
				GCC_OPTIMIZATION_LEVEL = 0;
				GCC_PREPROCESSOR_DEFINITIONS = (
					"DEBUG=1",
					"$(inherited)",
				);
				GCC_WARN_64_TO_32_BIT_CONVERSION = YES;
				GCC_WARN_ABOUT_RETURN_TYPE = YES_ERROR;
				GCC_WARN_UNDECLARED_SELECTOR = YES;
				GCC_WARN_UNINITIALIZED_AUTOS = YES_AGGRESSIVE;
				GCC_WARN_UNUSED_FUNCTION = YES;
				GCC_WARN_UNUSED_VARIABLE = YES;
				IPHONEOS_DEPLOYMENT_TARGET = 16.4;
				MTL_ENABLE_DEBUG_INFO = INCLUDE_SOURCE;
				MTL_FAST_MATH = YES;
				ONLY_ACTIVE_ARCH = YES;
				SDKROOT = iphoneos;
				SWIFT_ACTIVE_COMPILATION_CONDITIONS = DEBUG;
				SWIFT_OPTIMIZATION_LEVEL = "-Onone";
			};
			name = Debug;
		};
		4D895EA02A071365006CEBEF /* Release */ = {
			isa = XCBuildConfiguration;
			buildSettings = {
				ALWAYS_SEARCH_USER_PATHS = NO;
				CLANG_ANALYZER_NONNULL = YES;
				CLANG_ANALYZER_NUMBER_OBJECT_CONVERSION = YES_AGGRESSIVE;
				CLANG_CXX_LANGUAGE_STANDARD = "gnu++20";
				CLANG_ENABLE_MODULES = YES;
				CLANG_ENABLE_OBJC_ARC = YES;
				CLANG_ENABLE_OBJC_WEAK = YES;
				CLANG_WARN_BLOCK_CAPTURE_AUTORELEASING = YES;
				CLANG_WARN_BOOL_CONVERSION = YES;
				CLANG_WARN_COMMA = YES;
				CLANG_WARN_CONSTANT_CONVERSION = YES;
				CLANG_WARN_DEPRECATED_OBJC_IMPLEMENTATIONS = YES;
				CLANG_WARN_DIRECT_OBJC_ISA_USAGE = YES_ERROR;
				CLANG_WARN_DOCUMENTATION_COMMENTS = YES;
				CLANG_WARN_EMPTY_BODY = YES;
				CLANG_WARN_ENUM_CONVERSION = YES;
				CLANG_WARN_INFINITE_RECURSION = YES;
				CLANG_WARN_INT_CONVERSION = YES;
				CLANG_WARN_NON_LITERAL_NULL_CONVERSION = YES;
				CLANG_WARN_OBJC_IMPLICIT_RETAIN_SELF = YES;
				CLANG_WARN_OBJC_LITERAL_CONVERSION = YES;
				CLANG_WARN_OBJC_ROOT_CLASS = YES_ERROR;
				CLANG_WARN_QUOTED_INCLUDE_IN_FRAMEWORK_HEADER = YES;
				CLANG_WARN_RANGE_LOOP_ANALYSIS = YES;
				CLANG_WARN_STRICT_PROTOTYPES = YES;
				CLANG_WARN_SUSPICIOUS_MOVE = YES;
				CLANG_WARN_UNGUARDED_AVAILABILITY = YES_AGGRESSIVE;
				CLANG_WARN_UNREACHABLE_CODE = YES;
				CLANG_WARN__DUPLICATE_METHOD_MATCH = YES;
				COPY_PHASE_STRIP = NO;
				DEBUG_INFORMATION_FORMAT = "dwarf-with-dsym";
				ENABLE_NS_ASSERTIONS = NO;
				ENABLE_STRICT_OBJC_MSGSEND = YES;
				GCC_C_LANGUAGE_STANDARD = gnu11;
				GCC_NO_COMMON_BLOCKS = YES;
				GCC_WARN_64_TO_32_BIT_CONVERSION = YES;
				GCC_WARN_ABOUT_RETURN_TYPE = YES_ERROR;
				GCC_WARN_UNDECLARED_SELECTOR = YES;
				GCC_WARN_UNINITIALIZED_AUTOS = YES_AGGRESSIVE;
				GCC_WARN_UNUSED_FUNCTION = YES;
				GCC_WARN_UNUSED_VARIABLE = YES;
				IPHONEOS_DEPLOYMENT_TARGET = 16.4;
				MTL_ENABLE_DEBUG_INFO = NO;
				MTL_FAST_MATH = YES;
				SDKROOT = iphoneos;
				SWIFT_COMPILATION_MODE = wholemodule;
				SWIFT_OPTIMIZATION_LEVEL = "-O";
				VALIDATE_PRODUCT = YES;
			};
			name = Release;
		};
		4D895EA22A071365006CEBEF /* Debug */ = {
			isa = XCBuildConfiguration;
			baseConfigurationReference = 382CBCA64DF62BA9A21B89CC /* Pods-MyMovies.debug.xcconfig */;
			buildSettings = {
				ASSETCATALOG_COMPILER_APPICON_NAME = AppIcon;
				ASSETCATALOG_COMPILER_GLOBAL_ACCENT_COLOR_NAME = AccentColor;
				CODE_SIGN_STYLE = Automatic;
				CURRENT_PROJECT_VERSION = 1;
				DEVELOPMENT_TEAM = 3JQPLE5ZEK;
				GENERATE_INFOPLIST_FILE = YES;
				INFOPLIST_FILE = MyMovies/Info.plist;
				INFOPLIST_KEY_CFBundleDisplayName = "My Movies";
				INFOPLIST_KEY_LSApplicationCategoryType = "public.app-category.video";
				INFOPLIST_KEY_UIApplicationSupportsIndirectInputEvents = YES;
				INFOPLIST_KEY_UILaunchStoryboardName = LaunchScreen;
				INFOPLIST_KEY_UIMainStoryboardFile = Main;
				INFOPLIST_KEY_UISupportedInterfaceOrientations_iPad = "UIInterfaceOrientationPortrait UIInterfaceOrientationPortraitUpsideDown UIInterfaceOrientationLandscapeLeft UIInterfaceOrientationLandscapeRight";
				INFOPLIST_KEY_UISupportedInterfaceOrientations_iPhone = "UIInterfaceOrientationPortrait UIInterfaceOrientationLandscapeLeft UIInterfaceOrientationLandscapeRight";
				LD_RUNPATH_SEARCH_PATHS = (
					"$(inherited)",
					"@executable_path/Frameworks",
				);
				MARKETING_VERSION = 1.0;
				PRODUCT_BUNDLE_IDENTIFIER = personalMovies.MyMovies;
				PRODUCT_NAME = "$(TARGET_NAME)";
				SWIFT_EMIT_LOC_STRINGS = YES;
				SWIFT_VERSION = 5.0;
				TARGETED_DEVICE_FAMILY = "1,2";
			};
			name = Debug;
		};
		4D895EA32A071365006CEBEF /* Release */ = {
			isa = XCBuildConfiguration;
			baseConfigurationReference = 20B183693A78DF3DC4A03611 /* Pods-MyMovies.release.xcconfig */;
			buildSettings = {
				ASSETCATALOG_COMPILER_APPICON_NAME = AppIcon;
				ASSETCATALOG_COMPILER_GLOBAL_ACCENT_COLOR_NAME = AccentColor;
				CODE_SIGN_STYLE = Automatic;
				CURRENT_PROJECT_VERSION = 1;
				DEVELOPMENT_TEAM = 3JQPLE5ZEK;
				GENERATE_INFOPLIST_FILE = YES;
				INFOPLIST_FILE = MyMovies/Info.plist;
				INFOPLIST_KEY_CFBundleDisplayName = "My Movies";
				INFOPLIST_KEY_LSApplicationCategoryType = "public.app-category.video";
				INFOPLIST_KEY_UIApplicationSupportsIndirectInputEvents = YES;
				INFOPLIST_KEY_UILaunchStoryboardName = LaunchScreen;
				INFOPLIST_KEY_UIMainStoryboardFile = Main;
				INFOPLIST_KEY_UISupportedInterfaceOrientations_iPad = "UIInterfaceOrientationPortrait UIInterfaceOrientationPortraitUpsideDown UIInterfaceOrientationLandscapeLeft UIInterfaceOrientationLandscapeRight";
				INFOPLIST_KEY_UISupportedInterfaceOrientations_iPhone = "UIInterfaceOrientationPortrait UIInterfaceOrientationLandscapeLeft UIInterfaceOrientationLandscapeRight";
				LD_RUNPATH_SEARCH_PATHS = (
					"$(inherited)",
					"@executable_path/Frameworks",
				);
				MARKETING_VERSION = 1.0;
				PRODUCT_BUNDLE_IDENTIFIER = personalMovies.MyMovies;
				PRODUCT_NAME = "$(TARGET_NAME)";
				SWIFT_EMIT_LOC_STRINGS = YES;
				SWIFT_VERSION = 5.0;
				TARGETED_DEVICE_FAMILY = "1,2";
			};
			name = Release;
		};
/* End XCBuildConfiguration section */

/* Begin XCConfigurationList section */
		4D895E882A071364006CEBEF /* Build configuration list for PBXProject "MyMovies" */ = {
			isa = XCConfigurationList;
			buildConfigurations = (
				4D895E9F2A071365006CEBEF /* Debug */,
				4D895EA02A071365006CEBEF /* Release */,
			);
			defaultConfigurationIsVisible = 0;
			defaultConfigurationName = Release;
		};
		4D895EA12A071365006CEBEF /* Build configuration list for PBXNativeTarget "MyMovies" */ = {
			isa = XCConfigurationList;
			buildConfigurations = (
				4D895EA22A071365006CEBEF /* Debug */,
				4D895EA32A071365006CEBEF /* Release */,
			);
			defaultConfigurationIsVisible = 0;
			defaultConfigurationName = Release;
		};
/* End XCConfigurationList section */

/* Begin XCRemoteSwiftPackageReference section */
		4D895EB32A07B996006CEBEF /* XCRemoteSwiftPackageReference "iaAPI" */ = {
			isa = XCRemoteSwiftPackageReference;
			repositoryURL = "https://github.com/hunterleebrown/iaAPI";
			requirement = {
				kind = upToNextMajorVersion;
				minimumVersion = 2.0.0;
			};
		};
/* End XCRemoteSwiftPackageReference section */

/* Begin XCSwiftPackageProductDependency section */
		4D895EB42A07B996006CEBEF /* iaAPI */ = {
			isa = XCSwiftPackageProductDependency;
			package = 4D895EB32A07B996006CEBEF /* XCRemoteSwiftPackageReference "iaAPI" */;
			productName = iaAPI;
		};
/* End XCSwiftPackageProductDependency section */
	};
	rootObject = 4D895E852A071364006CEBEF /* Project object */;
}
